
Microsoft Visual Studio Solution File, Format Version 12.00
# Visual Studio 15
VisualStudioVersion = 15.0.28307.1267
MinimumVisualStudioVersion = 10.0.40219.1
Project("{FAE04EC0-301F-11D3-BF4B-00C04F79EFBC}") = "deepmech", "deepmech\deepmech.csproj", "{7B126C98-5EAC-4492-BBB2-380D188F7D2C}"
EndProject
Global
	GlobalSection(SolutionConfigurationPlatforms) = preSolution
		Debug|Any CPU = Debug|Any CPU
		Release|Any CPU = Release|Any CPU
	EndGlobalSection
	GlobalSection(ProjectConfigurationPlatforms) = postSolution
		{7B126C98-5EAC-4492-BBB2-380D188F7D2C}.Debug|Any CPU.ActiveCfg = Debug|Any CPU
		{7B126C98-5EAC-4492-BBB2-380D188F7D2C}.Debug|Any CPU.Build.0 = Debug|Any CPU
		{7B126C98-5EAC-4492-BBB2-380D188F7D2C}.Release|Any CPU.ActiveCfg = Release|Any CPU
		{7B126C98-5EAC-4492-BBB2-380D188F7D2C}.Release|Any CPU.Build.0 = Release|Any CPU
	EndGlobalSection
	GlobalSection(SolutionProperties) = preSolution
		HideSolutionNode = FALSE
	EndGlobalSection
	GlobalSection(ExtensibilityGlobals) = postSolution
		SolutionGuid = {CBA77BC5-5512-49FA-8E14-0C21451F4AC5}
	EndGlobalSection
EndGlobal
